
Microsoft Visual Studio Solution File, Format Version 12.00
# Visual Studio 14
VisualStudioVersion = 14.0.25420.1
MinimumVisualStudioVersion = 10.0.40219.1
Project("{2150E333-8FDC-42A3-9474-1A3956D46DE8}") = "服务器", "服务器", "{543ABDA4-272F-4BA8-98F3-27154E048F0E}"
EndProject
Project("{2150E333-8FDC-42A3-9474-1A3956D46DE8}") = "客户端", "客户端", "{B6CF9597-32DA-4BE3-A191-D6D34275E9AD}"
EndProject
Project("{FAE04EC0-301F-11D3-BF4B-00C04F79EFBC}") = "插件接口", "服务器\插件接口\插件接口.csproj", "{AD7406E3-BF71-4C70-B61C-46D8B0563BD6}"
EndProject
Project("{FAE04EC0-301F-11D3-BF4B-00C04F79EFBC}") = "GIS服务器", "服务器\GIS服务器\GIS服务器.csproj", "{A2EBF76B-3FF8-4934-8C47-A305901B69E1}"
EndProject
Project("{FAE04EC0-301F-11D3-BF4B-00C04F79EFBC}") = "DTO", "DTO\DTO.csproj", "{5A8FB4FD-AAB7-4384-90F6-3D58EB7030F5}"
EndProject
Project("{FAE04EC0-301F-11D3-BF4B-00C04F79EFBC}") = "GPS地图", "客户端\GPS地图\GPS地图.csproj", "{35B48353-0D73-4C58-A491-C270B6FA73ED}"
EndProject
Project("{FAE04EC0-301F-11D3-BF4B-00C04F79EFBC}") = "GPS地图.示例", "客户端\GPS地图.示例\GPS地图.示例.csproj", "{2F48357C-E02A-4CEB-BBD3-F834EB88B4A1}"
	ProjectSection(ProjectDependencies) = postProject
		{35B48353-0D73-4C58-A491-C270B6FA73ED} = {35B48353-0D73-4C58-A491-C270B6FA73ED}
		{5A8FB4FD-AAB7-4384-90F6-3D58EB7030F5} = {5A8FB4FD-AAB7-4384-90F6-3D58EB7030F5}
	EndProjectSection
EndProject
Project("{FAE04EC0-301F-11D3-BF4B-00C04F79EFBC}") = "管理工具", "服务器\管理工具\管理工具.csproj", "{A24A8105-DB51-44B7-A922-B2837C030F48}"
EndProject
Project("{FAE04EC0-301F-11D3-BF4B-00C04F79EFBC}") = "GPS", "客户端\GPS\GPS.csproj", "{5CC6B037-95FE-4140-934E-FBF419C9C057}"
EndProject

Global
	GlobalSection(SolutionConfigurationPlatforms) = preSolution
		Debug|Any CPU = Debug|Any CPU
		Debug|x86 = Debug|x86
		Release|Any CPU = Release|Any CPU
		Release|x86 = Release|x86
	EndGlobalSection
	GlobalSection(ProjectConfigurationPlatforms) = postSolution
		{AD7406E3-BF71-4C70-B61C-46D8B0563BD6}.Debug|Any CPU.ActiveCfg = Debug|Any CPU
		{AD7406E3-BF71-4C70-B61C-46D8B0563BD6}.Debug|Any CPU.Build.0 = Debug|Any CPU
		{AD7406E3-BF71-4C70-B61C-46D8B0563BD6}.Debug|x86.ActiveCfg = Debug|Any CPU
		{AD7406E3-BF71-4C70-B61C-46D8B0563BD6}.Release|Any CPU.ActiveCfg = Release|Any CPU
		{AD7406E3-BF71-4C70-B61C-46D8B0563BD6}.Release|Any CPU.Build.0 = Release|Any CPU
		{AD7406E3-BF71-4C70-B61C-46D8B0563BD6}.Release|x86.ActiveCfg = Release|Any CPU
		{A2EBF76B-3FF8-4934-8C47-A305901B69E1}.Debug|Any CPU.ActiveCfg = Debug|Any CPU
		{A2EBF76B-3FF8-4934-8C47-A305901B69E1}.Debug|Any CPU.Build.0 = Debug|Any CPU
		{A2EBF76B-3FF8-4934-8C47-A305901B69E1}.Debug|x86.ActiveCfg = Debug|Any CPU
		{A2EBF76B-3FF8-4934-8C47-A305901B69E1}.Release|Any CPU.ActiveCfg = Release|Any CPU
		{A2EBF76B-3FF8-4934-8C47-A305901B69E1}.Release|Any CPU.Build.0 = Release|Any CPU
		{A2EBF76B-3FF8-4934-8C47-A305901B69E1}.Release|x86.ActiveCfg = Release|Any CPU
		{5A8FB4FD-AAB7-4384-90F6-3D58EB7030F5}.Debug|Any CPU.ActiveCfg = Debug|Any CPU
		{5A8FB4FD-AAB7-4384-90F6-3D58EB7030F5}.Debug|Any CPU.Build.0 = Debug|Any CPU
		{5A8FB4FD-AAB7-4384-90F6-3D58EB7030F5}.Debug|x86.ActiveCfg = Debug|Any CPU
		{5A8FB4FD-AAB7-4384-90F6-3D58EB7030F5}.Release|Any CPU.ActiveCfg = Release|Any CPU
		{5A8FB4FD-AAB7-4384-90F6-3D58EB7030F5}.Release|Any CPU.Build.0 = Release|Any CPU
		{5A8FB4FD-AAB7-4384-90F6-3D58EB7030F5}.Release|x86.ActiveCfg = Release|Any CPU
		{35B48353-0D73-4C58-A491-C270B6FA73ED}.Debug|Any CPU.ActiveCfg = Debug|Any CPU
		{35B48353-0D73-4C58-A491-C270B6FA73ED}.Debug|Any CPU.Build.0 = Debug|Any CPU
		{35B48353-0D73-4C58-A491-C270B6FA73ED}.Debug|x86.ActiveCfg = Debug|Any CPU
		{35B48353-0D73-4C58-A491-C270B6FA73ED}.Release|Any CPU.ActiveCfg = Release|Any CPU
		{35B48353-0D73-4C58-A491-C270B6FA73ED}.Release|Any CPU.Build.0 = Release|Any CPU
		{35B48353-0D73-4C58-A491-C270B6FA73ED}.Release|x86.ActiveCfg = Release|Any CPU
		{2F48357C-E02A-4CEB-BBD3-F834EB88B4A1}.Debug|Any CPU.ActiveCfg = Debug|Any CPU
		{2F48357C-E02A-4CEB-BBD3-F834EB88B4A1}.Debug|Any CPU.Build.0 = Debug|Any CPU
		{2F48357C-E02A-4CEB-BBD3-F834EB88B4A1}.Debug|x86.ActiveCfg = Debug|Any CPU
		{2F48357C-E02A-4CEB-BBD3-F834EB88B4A1}.Release|Any CPU.ActiveCfg = Release|Any CPU
		{2F48357C-E02A-4CEB-BBD3-F834EB88B4A1}.Release|Any CPU.Build.0 = Release|Any CPU
		{2F48357C-E02A-4CEB-BBD3-F834EB88B4A1}.Release|x86.ActiveCfg = Release|Any CPU
		{A24A8105-DB51-44B7-A922-B2837C030F48}.Debug|Any CPU.ActiveCfg = Debug|Any CPU
		{A24A8105-DB51-44B7-A922-B2837C030F48}.Debug|Any CPU.Build.0 = Debug|Any CPU
		{A24A8105-DB51-44B7-A922-B2837C030F48}.Debug|x86.ActiveCfg = Debug|Any CPU
		{A24A8105-DB51-44B7-A922-B2837C030F48}.Release|Any CPU.ActiveCfg = Release|Any CPU
		{A24A8105-DB51-44B7-A922-B2837C030F48}.Release|Any CPU.Build.0 = Release|Any CPU
		{A24A8105-DB51-44B7-A922-B2837C030F48}.Release|x86.ActiveCfg = Release|Any CPU
		{5CC6B037-95FE-4140-934E-FBF419C9C057}.Debug|Any CPU.ActiveCfg = Debug|Any CPU
		{5CC6B037-95FE-4140-934E-FBF419C9C057}.Debug|Any CPU.Build.0 = Debug|Any CPU
		{5CC6B037-95FE-4140-934E-FBF419C9C057}.Debug|x86.ActiveCfg = Debug|Any CPU
		{5CC6B037-95FE-4140-934E-FBF419C9C057}.Release|Any CPU.ActiveCfg = Release|Any CPU
		{5CC6B037-95FE-4140-934E-FBF419C9C057}.Release|Any CPU.Build.0 = Release|Any CPU
		{5CC6B037-95FE-4140-934E-FBF419C9C057}.Release|x86.ActiveCfg = Release|Any CPU
		{C56E903B-F745-4E12-A01B-90E915E04968}.Debug|Any CPU.ActiveCfg = Debug|Any CPU
		{C56E903B-F745-4E12-A01B-90E915E04968}.Debug|Any CPU.Build.0 = Debug|Any CPU
		{C56E903B-F745-4E12-A01B-90E915E04968}.Debug|x86.ActiveCfg = Debug|x86
		{C56E903B-F745-4E12-A01B-90E915E04968}.Debug|x86.Build.0 = Debug|x86
		{C56E903B-F745-4E12-A01B-90E915E04968}.Release|Any CPU.ActiveCfg = Release|Any CPU
		{C56E903B-F745-4E12-A01B-90E915E04968}.Release|Any CPU.Build.0 = Release|Any CPU
		{C56E903B-F745-4E12-A01B-90E915E04968}.Release|x86.ActiveCfg = Release|x86
		{C56E903B-F745-4E12-A01B-90E915E04968}.Release|x86.Build.0 = Release|x86
		{56D6CB6D-E9B9-4361-B487-CFB87B508653}.Debug|Any CPU.ActiveCfg = Debug|Any CPU
		{56D6CB6D-E9B9-4361-B487-CFB87B508653}.Debug|Any CPU.Build.0 = Debug|Any CPU
		{56D6CB6D-E9B9-4361-B487-CFB87B508653}.Debug|x86.ActiveCfg = Debug|Any CPU
		{56D6CB6D-E9B9-4361-B487-CFB87B508653}.Release|Any CPU.ActiveCfg = Release|Any CPU
		{56D6CB6D-E9B9-4361-B487-CFB87B508653}.Release|Any CPU.Build.0 = Release|Any CPU
		{56D6CB6D-E9B9-4361-B487-CFB87B508653}.Release|x86.ActiveCfg = Release|Any CPU
		{886A065C-24AD-401A-B95E-39AF171BB703}.Debug|Any CPU.ActiveCfg = Debug|Any CPU
		{886A065C-24AD-401A-B95E-39AF171BB703}.Debug|Any CPU.Build.0 = Debug|Any CPU
		{886A065C-24AD-401A-B95E-39AF171BB703}.Debug|x86.ActiveCfg = Debug|Any CPU
		{886A065C-24AD-401A-B95E-39AF171BB703}.Release|Any CPU.ActiveCfg = Release|Any CPU
		{886A065C-24AD-401A-B95E-39AF171BB703}.Release|Any CPU.Build.0 = Release|Any CPU
		{886A065C-24AD-401A-B95E-39AF171BB703}.Release|x86.ActiveCfg = Release|Any CPU
		{07D2BD36-5B80-4B7B-BB42-12182EC2A778}.Debug|Any CPU.ActiveCfg = Debug|Any CPU
		{07D2BD36-5B80-4B7B-BB42-12182EC2A778}.Debug|Any CPU.Build.0 = Debug|Any CPU
		{07D2BD36-5B80-4B7B-BB42-12182EC2A778}.Debug|x86.ActiveCfg = Debug|Any CPU
		{07D2BD36-5B80-4B7B-BB42-12182EC2A778}.Release|Any CPU.ActiveCfg = Release|Any CPU
		{07D2BD36-5B80-4B7B-BB42-12182EC2A778}.Release|Any CPU.Build.0 = Release|Any CPU
		{07D2BD36-5B80-4B7B-BB42-12182EC2A778}.Release|x86.ActiveCfg = Release|Any CPU
		{1CE84E98-1737-44BE-841A-B92FA5A0A1FC}.Debug|Any CPU.ActiveCfg = Debug|Any CPU
		{1CE84E98-1737-44BE-841A-B92FA5A0A1FC}.Debug|Any CPU.Build.0 = Debug|Any CPU
		{1CE84E98-1737-44BE-841A-B92FA5A0A1FC}.Debug|x86.ActiveCfg = Debug|Any CPU
		{1CE84E98-1737-44BE-841A-B92FA5A0A1FC}.Release|Any CPU.ActiveCfg = Release|Any CPU
		{1CE84E98-1737-44BE-841A-B92FA5A0A1FC}.Release|Any CPU.Build.0 = Release|Any CPU
		{1CE84E98-1737-44BE-841A-B92FA5A0A1FC}.Release|x86.ActiveCfg = Release|Any CPU
		{D681229E-49E5-4D0D-8D4E-13EC732FCA7C}.Debug|Any CPU.ActiveCfg = Debug|Any CPU
		{D681229E-49E5-4D0D-8D4E-13EC732FCA7C}.Debug|Any CPU.Build.0 = Debug|Any CPU
		{D681229E-49E5-4D0D-8D4E-13EC732FCA7C}.Debug|x86.ActiveCfg = Debug|Any CPU
		{D681229E-49E5-4D0D-8D4E-13EC732FCA7C}.Release|Any CPU.ActiveCfg = Release|Any CPU
		{D681229E-49E5-4D0D-8D4E-13EC732FCA7C}.Release|Any CPU.Build.0 = Release|Any CPU
		{D681229E-49E5-4D0D-8D4E-13EC732FCA7C}.Release|x86.ActiveCfg = Release|Any CPU
		{0F709F2A-F5D7-46AF-9E8E-AD048F5EC982}.Debug|Any CPU.ActiveCfg = Debug|Any CPU
		{0F709F2A-F5D7-46AF-9E8E-AD048F5EC982}.Debug|Any CPU.Build.0 = Debug|Any CPU
		{0F709F2A-F5D7-46AF-9E8E-AD048F5EC982}.Debug|x86.ActiveCfg = Debug|Any CPU
		{0F709F2A-F5D7-46AF-9E8E-AD048F5EC982}.Release|Any CPU.ActiveCfg = Release|Any CPU
		{0F709F2A-F5D7-46AF-9E8E-AD048F5EC982}.Release|Any CPU.Build.0 = Release|Any CPU
		{0F709F2A-F5D7-46AF-9E8E-AD048F5EC982}.Release|x86.ActiveCfg = Release|Any CPU
		{00738760-241B-4F60-A76C-416B5656E6D9}.Debug|Any CPU.ActiveCfg = Debug|Any CPU
		{00738760-241B-4F60-A76C-416B5656E6D9}.Debug|Any CPU.Build.0 = Debug|Any CPU
		{00738760-241B-4F60-A76C-416B5656E6D9}.Debug|x86.ActiveCfg = Debug|Any CPU
		{00738760-241B-4F60-A76C-416B5656E6D9}.Release|Any CPU.ActiveCfg = Release|Any CPU
		{00738760-241B-4F60-A76C-416B5656E6D9}.Release|Any CPU.Build.0 = Release|Any CPU
		{00738760-241B-4F60-A76C-416B5656E6D9}.Release|x86.ActiveCfg = Release|Any CPU
		{076D4CCD-ECC3-4D92-B4E0-36819040B335}.Debug|Any CPU.ActiveCfg = Debug|Any CPU
		{076D4CCD-ECC3-4D92-B4E0-36819040B335}.Debug|Any CPU.Build.0 = Debug|Any CPU
		{076D4CCD-ECC3-4D92-B4E0-36819040B335}.Debug|x86.ActiveCfg = Debug|Any CPU
		{076D4CCD-ECC3-4D92-B4E0-36819040B335}.Release|Any CPU.ActiveCfg = Release|Any CPU
		{076D4CCD-ECC3-4D92-B4E0-36819040B335}.Release|Any CPU.Build.0 = Release|Any CPU
		{076D4CCD-ECC3-4D92-B4E0-36819040B335}.Release|x86.ActiveCfg = Release|Any CPU
		{8663466B-999E-44AF-85B7-C4EC4DDBF491}.Debug|Any CPU.ActiveCfg = Debug|Any CPU
		{8663466B-999E-44AF-85B7-C4EC4DDBF491}.Debug|Any CPU.Build.0 = Debug|Any CPU
		{8663466B-999E-44AF-85B7-C4EC4DDBF491}.Debug|x86.ActiveCfg = Debug|Any CPU
		{8663466B-999E-44AF-85B7-C4EC4DDBF491}.Release|Any CPU.ActiveCfg = Release|Any CPU
		{8663466B-999E-44AF-85B7-C4EC4DDBF491}.Release|Any CPU.Build.0 = Release|Any CPU
		{8663466B-999E-44AF-85B7-C4EC4DDBF491}.Release|x86.ActiveCfg = Release|Any CPU
		{B0F6471E-97FE-42C8-A82A-DD1C2C424AFF}.Debug|Any CPU.ActiveCfg = Debug|Any CPU
		{B0F6471E-97FE-42C8-A82A-DD1C2C424AFF}.Debug|Any CPU.Build.0 = Debug|Any CPU
		{B0F6471E-97FE-42C8-A82A-DD1C2C424AFF}.Debug|x86.ActiveCfg = Debug|Any CPU
		{B0F6471E-97FE-42C8-A82A-DD1C2C424AFF}.Release|Any CPU.ActiveCfg = Release|Any CPU
		{B0F6471E-97FE-42C8-A82A-DD1C2C424AFF}.Release|Any CPU.Build.0 = Release|Any CPU
		{B0F6471E-97FE-42C8-A82A-DD1C2C424AFF}.Release|x86.ActiveCfg = Release|Any CPU
		{E108A255-A13A-4A61-AC1B-F74614E4279D}.Debug|Any CPU.ActiveCfg = Debug|Any CPU
		{E108A255-A13A-4A61-AC1B-F74614E4279D}.Debug|Any CPU.Build.0 = Debug|Any CPU
		{E108A255-A13A-4A61-AC1B-F74614E4279D}.Debug|x86.ActiveCfg = Debug|Any CPU
		{E108A255-A13A-4A61-AC1B-F74614E4279D}.Release|Any CPU.ActiveCfg = Release|Any CPU
		{E108A255-A13A-4A61-AC1B-F74614E4279D}.Release|Any CPU.Build.0 = Release|Any CPU
		{E108A255-A13A-4A61-AC1B-F74614E4279D}.Release|x86.ActiveCfg = Release|Any CPU
		{491F1DA5-D450-4CAB-90F6-DF960AA7FDD0}.Debug|Any CPU.ActiveCfg = Debug|Any CPU
		{491F1DA5-D450-4CAB-90F6-DF960AA7FDD0}.Debug|Any CPU.Build.0 = Debug|Any CPU
		{491F1DA5-D450-4CAB-90F6-DF960AA7FDD0}.Debug|x86.ActiveCfg = Debug|Any CPU
		{491F1DA5-D450-4CAB-90F6-DF960AA7FDD0}.Release|Any CPU.ActiveCfg = Release|Any CPU
		{491F1DA5-D450-4CAB-90F6-DF960AA7FDD0}.Release|Any CPU.Build.0 = Release|Any CPU
		{491F1DA5-D450-4CAB-90F6-DF960AA7FDD0}.Release|x86.ActiveCfg = Release|Any CPU
		{BC1AD5C8-65D8-4126-9FE5-C1EB896DFE81}.Debug|Any CPU.ActiveCfg = Debug|Any CPU
		{BC1AD5C8-65D8-4126-9FE5-C1EB896DFE81}.Debug|Any CPU.Build.0 = Debug|Any CPU
		{BC1AD5C8-65D8-4126-9FE5-C1EB896DFE81}.Debug|x86.ActiveCfg = Debug|Any CPU
		{BC1AD5C8-65D8-4126-9FE5-C1EB896DFE81}.Debug|x86.Build.0 = Debug|Any CPU
		{BC1AD5C8-65D8-4126-9FE5-C1EB896DFE81}.Release|Any CPU.ActiveCfg = Release|Any CPU
		{BC1AD5C8-65D8-4126-9FE5-C1EB896DFE81}.Release|Any CPU.Build.0 = Release|Any CPU
		{BC1AD5C8-65D8-4126-9FE5-C1EB896DFE81}.Release|x86.ActiveCfg = Release|Any CPU
		{BC1AD5C8-65D8-4126-9FE5-C1EB896DFE81}.Release|x86.Build.0 = Release|Any CPU
		{33E0D4CB-B9D5-43D7-BF07-A4D467B905A3}.Debug|Any CPU.ActiveCfg = Debug|Any CPU
		{33E0D4CB-B9D5-43D7-BF07-A4D467B905A3}.Debug|Any CPU.Build.0 = Debug|Any CPU
		{33E0D4CB-B9D5-43D7-BF07-A4D467B905A3}.Debug|x86.ActiveCfg = Debug|Any CPU
		{33E0D4CB-B9D5-43D7-BF07-A4D467B905A3}.Debug|x86.Build.0 = Debug|Any CPU
		{33E0D4CB-B9D5-43D7-BF07-A4D467B905A3}.Release|Any CPU.ActiveCfg = Release|Any CPU
		{33E0D4CB-B9D5-43D7-BF07-A4D467B905A3}.Release|Any CPU.Build.0 = Release|Any CPU
		{33E0D4CB-B9D5-43D7-BF07-A4D467B905A3}.Release|x86.ActiveCfg = Release|Any CPU
		{33E0D4CB-B9D5-43D7-BF07-A4D467B905A3}.Release|x86.Build.0 = Release|Any CPU
	EndGlobalSection
	GlobalSection(SolutionProperties) = preSolution
		HideSolutionNode = FALSE
	EndGlobalSection
	GlobalSection(NestedProjects) = preSolution
		{AD7406E3-BF71-4C70-B61C-46D8B0563BD6} = {543ABDA4-272F-4BA8-98F3-27154E048F0E}
		{A2EBF76B-3FF8-4934-8C47-A305901B69E1} = {543ABDA4-272F-4BA8-98F3-27154E048F0E}
		{35B48353-0D73-4C58-A491-C270B6FA73ED} = {B6CF9597-32DA-4BE3-A191-D6D34275E9AD}
		{2F48357C-E02A-4CEB-BBD3-F834EB88B4A1} = {B6CF9597-32DA-4BE3-A191-D6D34275E9AD}
		{A24A8105-DB51-44B7-A922-B2837C030F48} = {543ABDA4-272F-4BA8-98F3-27154E048F0E}
		{5CC6B037-95FE-4140-934E-FBF419C9C057} = {B6CF9597-32DA-4BE3-A191-D6D34275E9AD}
		{886A065C-24AD-401A-B95E-39AF171BB703} = {947C96D8-7C5E-47F4-901D-6FD3E56F0D3F}
		{07D2BD36-5B80-4B7B-BB42-12182EC2A778} = {69107948-E00E-47F6-96B2-246DB452130E}
		{1CE84E98-1737-44BE-841A-B92FA5A0A1FC} = {69107948-E00E-47F6-96B2-246DB452130E}
		{D681229E-49E5-4D0D-8D4E-13EC732FCA7C} = {69107948-E00E-47F6-96B2-246DB452130E}
		{0F709F2A-F5D7-46AF-9E8E-AD048F5EC982} = {69107948-E00E-47F6-96B2-246DB452130E}
		{00738760-241B-4F60-A76C-416B5656E6D9} = {69107948-E00E-47F6-96B2-246DB452130E}
		{076D4CCD-ECC3-4D92-B4E0-36819040B335} = {69107948-E00E-47F6-96B2-246DB452130E}
		{8663466B-999E-44AF-85B7-C4EC4DDBF491} = {69107948-E00E-47F6-96B2-246DB452130E}
		{B0F6471E-97FE-42C8-A82A-DD1C2C424AFF} = {69107948-E00E-47F6-96B2-246DB452130E}
		{E108A255-A13A-4A61-AC1B-F74614E4279D} = {69107948-E00E-47F6-96B2-246DB452130E}
		{491F1DA5-D450-4CAB-90F6-DF960AA7FDD0} = {69107948-E00E-47F6-96B2-246DB452130E}
		{BC1AD5C8-65D8-4126-9FE5-C1EB896DFE81} = {947C96D8-7C5E-47F4-901D-6FD3E56F0D3F}
		{33E0D4CB-B9D5-43D7-BF07-A4D467B905A3} = {947C96D8-7C5E-47F4-901D-6FD3E56F0D3F}
	EndGlobalSection
EndGlobal
